// !$*UTF8*$!
{
	archiveVersion = 1;
	classes = {
	};
	objectVersion = 51;
	objects = {

/* Begin PBXBuildFile section */
		02A552C9D2F210812C94B129 /* Pods_Parstagram.framework in Frameworks */ = {isa = PBXBuildFile; fileRef = ABB249E155DE434E50FC329A /* Pods_Parstagram.framework */; };
		5D93A84C402C3C6788433C82 /* Pods_ParstagramTests.framework in Frameworks */ = {isa = PBXBuildFile; fileRef = 249C54E0F281CC93502B6DA4 /* Pods_ParstagramTests.framework */; };
		96DCBF27E8CE69A5E0CF24F1 /* Pods_Parstagram_ParstagramUITests.framework in Frameworks */ = {isa = PBXBuildFile; fileRef = 9D1CAC8D0E7463D9356012EC /* Pods_Parstagram_ParstagramUITests.framework */; };
		F05F73662531B8BB0028E632 /* CommentCell.swift in Sources */ = {isa = PBXBuildFile; fileRef = F05F73652531B8BB0028E632 /* CommentCell.swift */; };
		F0869C002526DE3900683621 /* AppDelegate.swift in Sources */ = {isa = PBXBuildFile; fileRef = F0869BFF2526DE3900683621 /* AppDelegate.swift */; };
		F0869C022526DE3900683621 /* SceneDelegate.swift in Sources */ = {isa = PBXBuildFile; fileRef = F0869C012526DE3900683621 /* SceneDelegate.swift */; };
		F0869C072526DE3900683621 /* Main.storyboard in Resources */ = {isa = PBXBuildFile; fileRef = F0869C052526DE3900683621 /* Main.storyboard */; };
		F0869C092526DE3B00683621 /* Assets.xcassets in Resources */ = {isa = PBXBuildFile; fileRef = F0869C082526DE3B00683621 /* Assets.xcassets */; };
		F0869C0C2526DE3B00683621 /* LaunchScreen.storyboard in Resources */ = {isa = PBXBuildFile; fileRef = F0869C0A2526DE3B00683621 /* LaunchScreen.storyboard */; };
		F0869C172526DE3B00683621 /* ParstagramTests.swift in Sources */ = {isa = PBXBuildFile; fileRef = F0869C162526DE3B00683621 /* ParstagramTests.swift */; };
		F0869C222526DE3B00683621 /* ParstagramUITests.swift in Sources */ = {isa = PBXBuildFile; fileRef = F0869C212526DE3B00683621 /* ParstagramUITests.swift */; };
		F0869C5B2526E69B00683621 /* LoginViewController.swift in Sources */ = {isa = PBXBuildFile; fileRef = F0869C5A2526E69B00683621 /* LoginViewController.swift */; };
		F0869C602526E6B000683621 /* FeedViewController.swift in Sources */ = {isa = PBXBuildFile; fileRef = F0869C5F2526E6B000683621 /* FeedViewController.swift */; };
		F0869C652526F09B00683621 /* CameraViewController.swift in Sources */ = {isa = PBXBuildFile; fileRef = F0869C642526F09B00683621 /* CameraViewController.swift */; };
		F0869C752526FF2B00683621 /* PostTableViewCell.swift in Sources */ = {isa = PBXBuildFile; fileRef = F0869C742526FF2B00683621 /* PostTableViewCell.swift */; };
/* End PBXBuildFile section */

/* Begin PBXContainerItemProxy section */
		F0869C132526DE3B00683621 /* PBXContainerItemProxy */ = {
			isa = PBXContainerItemProxy;
			containerPortal = F0869BF42526DE3900683621 /* Project object */;
			proxyType = 1;
			remoteGlobalIDString = F0869BFB2526DE3900683621;
			remoteInfo = Parstagram;
		};
		F0869C1E2526DE3B00683621 /* PBXContainerItemProxy */ = {
			isa = PBXContainerItemProxy;
			containerPortal = F0869BF42526DE3900683621 /* Project object */;
			proxyType = 1;
			remoteGlobalIDString = F0869BFB2526DE3900683621;
			remoteInfo = Parstagram;
		};
/* End PBXContainerItemProxy section */

/* Begin PBXFileReference section */
		249C54E0F281CC93502B6DA4 /* Pods_ParstagramTests.framework */ = {isa = PBXFileReference; explicitFileType = wrapper.framework; includeInIndex = 0; path = Pods_ParstagramTests.framework; sourceTree = BUILT_PRODUCTS_DIR; };
		5D9C98E45134BD9F6808A069 /* Pods-Parstagram.release.xcconfig */ = {isa = PBXFileReference; includeInIndex = 1; lastKnownFileType = text.xcconfig; name = "Pods-Parstagram.release.xcconfig"; path = "Target Support Files/Pods-Parstagram/Pods-Parstagram.release.xcconfig"; sourceTree = "<group>"; };
		61D6AFB89F05FD78D593A32F /* Pods-Parstagram-ParstagramUITests.debug.xcconfig */ = {isa = PBXFileReference; includeInIndex = 1; lastKnownFileType = text.xcconfig; name = "Pods-Parstagram-ParstagramUITests.debug.xcconfig"; path = "Target Support Files/Pods-Parstagram-ParstagramUITests/Pods-Parstagram-ParstagramUITests.debug.xcconfig"; sourceTree = "<group>"; };
		6775F261E0BC4E59436E2B1B /* Pods-ParstagramTests.release.xcconfig */ = {isa = PBXFileReference; includeInIndex = 1; lastKnownFileType = text.xcconfig; name = "Pods-ParstagramTests.release.xcconfig"; path = "Target Support Files/Pods-ParstagramTests/Pods-ParstagramTests.release.xcconfig"; sourceTree = "<group>"; };
		6E122C7F1D55766F7D11185D /* Pods-ParstagramTests.debug.xcconfig */ = {isa = PBXFileReference; includeInIndex = 1; lastKnownFileType = text.xcconfig; name = "Pods-ParstagramTests.debug.xcconfig"; path = "Target Support Files/Pods-ParstagramTests/Pods-ParstagramTests.debug.xcconfig"; sourceTree = "<group>"; };
		7D1A8B22FBA04CA487372DAA /* Pods-Parstagram-ParstagramUITests.release.xcconfig */ = {isa = PBXFileReference; includeInIndex = 1; lastKnownFileType = text.xcconfig; name = "Pods-Parstagram-ParstagramUITests.release.xcconfig"; path = "Target Support Files/Pods-Parstagram-ParstagramUITests/Pods-Parstagram-ParstagramUITests.release.xcconfig"; sourceTree = "<group>"; };
		9D1CAC8D0E7463D9356012EC /* Pods_Parstagram_ParstagramUITests.framework */ = {isa = PBXFileReference; explicitFileType = wrapper.framework; includeInIndex = 0; path = Pods_Parstagram_ParstagramUITests.framework; sourceTree = BUILT_PRODUCTS_DIR; };
		A618BF4281A13E7123C7B702 /* Pods-Parstagram.debug.xcconfig */ = {isa = PBXFileReference; includeInIndex = 1; lastKnownFileType = text.xcconfig; name = "Pods-Parstagram.debug.xcconfig"; path = "Target Support Files/Pods-Parstagram/Pods-Parstagram.debug.xcconfig"; sourceTree = "<group>"; };
		ABB249E155DE434E50FC329A /* Pods_Parstagram.framework */ = {isa = PBXFileReference; explicitFileType = wrapper.framework; includeInIndex = 0; path = Pods_Parstagram.framework; sourceTree = BUILT_PRODUCTS_DIR; };
		F05F73652531B8BB0028E632 /* CommentCell.swift */ = {isa = PBXFileReference; lastKnownFileType = sourcecode.swift; path = CommentCell.swift; sourceTree = "<group>"; };
		F0869BFC2526DE3900683621 /* Parstagram.app */ = {isa = PBXFileReference; explicitFileType = wrapper.application; includeInIndex = 0; path = Parstagram.app; sourceTree = BUILT_PRODUCTS_DIR; };
		F0869BFF2526DE3900683621 /* AppDelegate.swift */ = {isa = PBXFileReference; lastKnownFileType = sourcecode.swift; path = AppDelegate.swift; sourceTree = "<group>"; };
		F0869C012526DE3900683621 /* SceneDelegate.swift */ = {isa = PBXFileReference; lastKnownFileType = sourcecode.swift; path = SceneDelegate.swift; sourceTree = "<group>"; };
		F0869C062526DE3900683621 /* Base */ = {isa = PBXFileReference; lastKnownFileType = file.storyboard; name = Base; path = Base.lproj/Main.storyboard; sourceTree = "<group>"; };
		F0869C082526DE3B00683621 /* Assets.xcassets */ = {isa = PBXFileReference; lastKnownFileType = folder.assetcatalog; path = Assets.xcassets; sourceTree = "<group>"; };
		F0869C0B2526DE3B00683621 /* Base */ = {isa = PBXFileReference; lastKnownFileType = file.storyboard; name = Base; path = Base.lproj/LaunchScreen.storyboard; sourceTree = "<group>"; };
		F0869C0D2526DE3B00683621 /* Info.plist */ = {isa = PBXFileReference; lastKnownFileType = text.plist.xml; path = Info.plist; sourceTree = "<group>"; };
		F0869C122526DE3B00683621 /* ParstagramTests.xctest */ = {isa = PBXFileReference; explicitFileType = wrapper.cfbundle; includeInIndex = 0; path = ParstagramTests.xctest; sourceTree = BUILT_PRODUCTS_DIR; };
		F0869C162526DE3B00683621 /* ParstagramTests.swift */ = {isa = PBXFileReference; lastKnownFileType = sourcecode.swift; path = ParstagramTests.swift; sourceTree = "<group>"; };
		F0869C182526DE3B00683621 /* Info.plist */ = {isa = PBXFileReference; lastKnownFileType = text.plist.xml; path = Info.plist; sourceTree = "<group>"; };
		F0869C1D2526DE3B00683621 /* ParstagramUITests.xctest */ = {isa = PBXFileReference; explicitFileType = wrapper.cfbundle; includeInIndex = 0; path = ParstagramUITests.xctest; sourceTree = BUILT_PRODUCTS_DIR; };
		F0869C212526DE3B00683621 /* ParstagramUITests.swift */ = {isa = PBXFileReference; lastKnownFileType = sourcecode.swift; path = ParstagramUITests.swift; sourceTree = "<group>"; };
		F0869C232526DE3B00683621 /* Info.plist */ = {isa = PBXFileReference; lastKnownFileType = text.plist.xml; path = Info.plist; sourceTree = "<group>"; };
		F0869C5A2526E69B00683621 /* LoginViewController.swift */ = {isa = PBXFileReference; lastKnownFileType = sourcecode.swift; path = LoginViewController.swift; sourceTree = "<group>"; };
		F0869C5F2526E6B000683621 /* FeedViewController.swift */ = {isa = PBXFileReference; lastKnownFileType = sourcecode.swift; path = FeedViewController.swift; sourceTree = "<group>"; };
		F0869C642526F09B00683621 /* CameraViewController.swift */ = {isa = PBXFileReference; lastKnownFileType = sourcecode.swift; path = CameraViewController.swift; sourceTree = "<group>"; };
		F0869C742526FF2B00683621 /* PostTableViewCell.swift */ = {isa = PBXFileReference; lastKnownFileType = sourcecode.swift; path = PostTableViewCell.swift; sourceTree = "<group>"; };
/* End PBXFileReference section */

/* Begin PBXFrameworksBuildPhase section */
		F0869BF92526DE3900683621 /* Frameworks */ = {
			isa = PBXFrameworksBuildPhase;
			buildActionMask = 2147483647;
			files = (
				02A552C9D2F210812C94B129 /* Pods_Parstagram.framework in Frameworks */,
			);
			runOnlyForDeploymentPostprocessing = 0;
		};
		F0869C0F2526DE3B00683621 /* Frameworks */ = {
			isa = PBXFrameworksBuildPhase;
			buildActionMask = 2147483647;
			files = (
				5D93A84C402C3C6788433C82 /* Pods_ParstagramTests.framework in Frameworks */,
			);
			runOnlyForDeploymentPostprocessing = 0;
		};
		F0869C1A2526DE3B00683621 /* Frameworks */ = {
			isa = PBXFrameworksBuildPhase;
			buildActionMask = 2147483647;
			files = (
				96DCBF27E8CE69A5E0CF24F1 /* Pods_Parstagram_ParstagramUITests.framework in Frameworks */,
			);
			runOnlyForDeploymentPostprocessing = 0;
		};
/* End PBXFrameworksBuildPhase section */

/* Begin PBXGroup section */
		1AD5BAF3AA6317C73E4E336F /* Frameworks */ = {
			isa = PBXGroup;
			children = (
				ABB249E155DE434E50FC329A /* Pods_Parstagram.framework */,
				9D1CAC8D0E7463D9356012EC /* Pods_Parstagram_ParstagramUITests.framework */,
				249C54E0F281CC93502B6DA4 /* Pods_ParstagramTests.framework */,
			);
			name = Frameworks;
			sourceTree = "<group>";
		};
		68C56A7E6BB2834FE866F184 /* Pods */ = {
			isa = PBXGroup;
			children = (
				A618BF4281A13E7123C7B702 /* Pods-Parstagram.debug.xcconfig */,
				5D9C98E45134BD9F6808A069 /* Pods-Parstagram.release.xcconfig */,
				61D6AFB89F05FD78D593A32F /* Pods-Parstagram-ParstagramUITests.debug.xcconfig */,
				7D1A8B22FBA04CA487372DAA /* Pods-Parstagram-ParstagramUITests.release.xcconfig */,
				6E122C7F1D55766F7D11185D /* Pods-ParstagramTests.debug.xcconfig */,
				6775F261E0BC4E59436E2B1B /* Pods-ParstagramTests.release.xcconfig */,
			);
			path = Pods;
			sourceTree = "<group>";
		};
		F0869BF32526DE3900683621 = {
			isa = PBXGroup;
			children = (
				F0869BFE2526DE3900683621 /* Parstagram */,
				F0869C152526DE3B00683621 /* ParstagramTests */,
				F0869C202526DE3B00683621 /* ParstagramUITests */,
				F0869BFD2526DE3900683621 /* Products */,
				68C56A7E6BB2834FE866F184 /* Pods */,
				1AD5BAF3AA6317C73E4E336F /* Frameworks */,
			);
			sourceTree = "<group>";
		};
		F0869BFD2526DE3900683621 /* Products */ = {
			isa = PBXGroup;
			children = (
				F0869BFC2526DE3900683621 /* Parstagram.app */,
				F0869C122526DE3B00683621 /* ParstagramTests.xctest */,
				F0869C1D2526DE3B00683621 /* ParstagramUITests.xctest */,
			);
			name = Products;
			sourceTree = "<group>";
		};
		F0869BFE2526DE3900683621 /* Parstagram */ = {
			isa = PBXGroup;
			children = (
				F0869BFF2526DE3900683621 /* AppDelegate.swift */,
				F0869C012526DE3900683621 /* SceneDelegate.swift */,
				F0869C052526DE3900683621 /* Main.storyboard */,
				F0869C082526DE3B00683621 /* Assets.xcassets */,
				F0869C0A2526DE3B00683621 /* LaunchScreen.storyboard */,
				F0869C0D2526DE3B00683621 /* Info.plist */,
				F0869C5A2526E69B00683621 /* LoginViewController.swift */,
				F0869C5F2526E6B000683621 /* FeedViewController.swift */,
				F0869C642526F09B00683621 /* CameraViewController.swift */,
				F0869C742526FF2B00683621 /* PostTableViewCell.swift */,
				F05F73652531B8BB0028E632 /* CommentCell.swift */,
			);
			path = Parstagram;
			sourceTree = "<group>";
		};
		F0869C152526DE3B00683621 /* ParstagramTests */ = {
			isa = PBXGroup;
			children = (
				F0869C162526DE3B00683621 /* ParstagramTests.swift */,
				F0869C182526DE3B00683621 /* Info.plist */,
			);
			path = ParstagramTests;
			sourceTree = "<group>";
		};
		F0869C202526DE3B00683621 /* ParstagramUITests */ = {
			isa = PBXGroup;
			children = (
				F0869C212526DE3B00683621 /* ParstagramUITests.swift */,
				F0869C232526DE3B00683621 /* Info.plist */,
			);
			path = ParstagramUITests;
			sourceTree = "<group>";
		};
/* End PBXGroup section */

/* Begin PBXNativeTarget section */
		F0869BFB2526DE3900683621 /* Parstagram */ = {
			isa = PBXNativeTarget;
			buildConfigurationList = F0869C262526DE3B00683621 /* Build configuration list for PBXNativeTarget "Parstagram" */;
			buildPhases = (
				7AC65C5FAE508035A1C06145 /* [CP] Check Pods Manifest.lock */,
				F0869BF82526DE3900683621 /* Sources */,
				F0869BF92526DE3900683621 /* Frameworks */,
				F0869BFA2526DE3900683621 /* Resources */,
				46A66D1E9C03EE8D1DF1DDC0 /* [CP] Embed Pods Frameworks */,
			);
			buildRules = (
			);
			dependencies = (
			);
			name = Parstagram;
			productName = Parstagram;
			productReference = F0869BFC2526DE3900683621 /* Parstagram.app */;
			productType = "com.apple.product-type.application";
		};
		F0869C112526DE3B00683621 /* ParstagramTests */ = {
			isa = PBXNativeTarget;
			buildConfigurationList = F0869C292526DE3B00683621 /* Build configuration list for PBXNativeTarget "ParstagramTests" */;
			buildPhases = (
				FBBF46774672D027969929B3 /* [CP] Check Pods Manifest.lock */,
				F0869C0E2526DE3B00683621 /* Sources */,
				F0869C0F2526DE3B00683621 /* Frameworks */,
				F0869C102526DE3B00683621 /* Resources */,
			);
			buildRules = (
			);
			dependencies = (
				F0869C142526DE3B00683621 /* PBXTargetDependency */,
			);
			name = ParstagramTests;
			productName = ParstagramTests;
			productReference = F0869C122526DE3B00683621 /* ParstagramTests.xctest */;
			productType = "com.apple.product-type.bundle.unit-test";
		};
		F0869C1C2526DE3B00683621 /* ParstagramUITests */ = {
			isa = PBXNativeTarget;
			buildConfigurationList = F0869C2C2526DE3B00683621 /* Build configuration list for PBXNativeTarget "ParstagramUITests" */;
			buildPhases = (
				DEF9F250A47B0ECC7FAD6F7A /* [CP] Check Pods Manifest.lock */,
				F0869C192526DE3B00683621 /* Sources */,
				F0869C1A2526DE3B00683621 /* Frameworks */,
				F0869C1B2526DE3B00683621 /* Resources */,
				B4F844B49A4566DCA3929BF6 /* [CP] Embed Pods Frameworks */,
			);
			buildRules = (
			);
			dependencies = (
				F0869C1F2526DE3B00683621 /* PBXTargetDependency */,
			);
			name = ParstagramUITests;
			productName = ParstagramUITests;
			productReference = F0869C1D2526DE3B00683621 /* ParstagramUITests.xctest */;
			productType = "com.apple.product-type.bundle.ui-testing";
		};
/* End PBXNativeTarget section */

/* Begin PBXProject section */
		F0869BF42526DE3900683621 /* Project object */ = {
			isa = PBXProject;
			attributes = {
				LastSwiftUpdateCheck = 1200;
				LastUpgradeCheck = 1200;
				TargetAttributes = {
					F0869BFB2526DE3900683621 = {
						CreatedOnToolsVersion = 12.0.1;
					};
					F0869C112526DE3B00683621 = {
						CreatedOnToolsVersion = 12.0.1;
						TestTargetID = F0869BFB2526DE3900683621;
					};
					F0869C1C2526DE3B00683621 = {
						CreatedOnToolsVersion = 12.0.1;
						TestTargetID = F0869BFB2526DE3900683621;
					};
				};
			};
			buildConfigurationList = F0869BF72526DE3900683621 /* Build configuration list for PBXProject "Parstagram" */;
			compatibilityVersion = "Xcode 9.3";
			developmentRegion = en;
			hasScannedForEncodings = 0;
			knownRegions = (
				en,
				Base,
			);
			mainGroup = F0869BF32526DE3900683621;
			productRefGroup = F0869BFD2526DE3900683621 /* Products */;
			projectDirPath = "";
			projectRoot = "";
			targets = (
				F0869BFB2526DE3900683621 /* Parstagram */,
				F0869C112526DE3B00683621 /* ParstagramTests */,
				F0869C1C2526DE3B00683621 /* ParstagramUITests */,
			);
		};
/* End PBXProject section */

/* Begin PBXResourcesBuildPhase section */
		F0869BFA2526DE3900683621 /* Resources */ = {
			isa = PBXResourcesBuildPhase;
			buildActionMask = 2147483647;
			files = (
				F0869C0C2526DE3B00683621 /* LaunchScreen.storyboard in Resources */,
				F0869C092526DE3B00683621 /* Assets.xcassets in Resources */,
				F0869C072526DE3900683621 /* Main.storyboard in Resources */,
			);
			runOnlyForDeploymentPostprocessing = 0;
		};
		F0869C102526DE3B00683621 /* Resources */ = {
			isa = PBXResourcesBuildPhase;
			buildActionMask = 2147483647;
			files = (
			);
			runOnlyForDeploymentPostprocessing = 0;
		};
		F0869C1B2526DE3B00683621 /* Resources */ = {
			isa = PBXResourcesBuildPhase;
			buildActionMask = 2147483647;
			files = (
			);
			runOnlyForDeploymentPostprocessing = 0;
		};
/* End PBXResourcesBuildPhase section */

/* Begin PBXShellScriptBuildPhase section */
		46A66D1E9C03EE8D1DF1DDC0 /* [CP] Embed Pods Frameworks */ = {
			isa = PBXShellScriptBuildPhase;
			buildActionMask = 2147483647;
			files = (
			);
			inputFileListPaths = (
				"${PODS_ROOT}/Target Support Files/Pods-Parstagram/Pods-Parstagram-frameworks-${CONFIGURATION}-input-files.xcfilelist",
			);
			name = "[CP] Embed Pods Frameworks";
			outputFileListPaths = (
				"${PODS_ROOT}/Target Support Files/Pods-Parstagram/Pods-Parstagram-frameworks-${CONFIGURATION}-output-files.xcfilelist",
			);
			runOnlyForDeploymentPostprocessing = 0;
			shellPath = /bin/sh;
			shellScript = "\"${PODS_ROOT}/Target Support Files/Pods-Parstagram/Pods-Parstagram-frameworks.sh\"\n";
			showEnvVarsInLog = 0;
		};
		7AC65C5FAE508035A1C06145 /* [CP] Check Pods Manifest.lock */ = {
			isa = PBXShellScriptBuildPhase;
			buildActionMask = 2147483647;
			files = (
			);
			inputFileListPaths = (
			);
			inputPaths = (
				"${PODS_PODFILE_DIR_PATH}/Podfile.lock",
				"${PODS_ROOT}/Manifest.lock",
			);
			name = "[CP] Check Pods Manifest.lock";
			outputFileListPaths = (
			);
			outputPaths = (
				"$(DERIVED_FILE_DIR)/Pods-Parstagram-checkManifestLockResult.txt",
			);
			runOnlyForDeploymentPostprocessing = 0;
			shellPath = /bin/sh;
			shellScript = "diff \"${PODS_PODFILE_DIR_PATH}/Podfile.lock\" \"${PODS_ROOT}/Manifest.lock\" > /dev/null\nif [ $? != 0 ] ; then\n    # print error to STDERR\n    echo \"error: The sandbox is not in sync with the Podfile.lock. Run 'pod install' or update your CocoaPods installation.\" >&2\n    exit 1\nfi\n# This output is used by Xcode 'outputs' to avoid re-running this script phase.\necho \"SUCCESS\" > \"${SCRIPT_OUTPUT_FILE_0}\"\n";
			showEnvVarsInLog = 0;
		};
		B4F844B49A4566DCA3929BF6 /* [CP] Embed Pods Frameworks */ = {
			isa = PBXShellScriptBuildPhase;
			buildActionMask = 2147483647;
			files = (
			);
			inputFileListPaths = (
				"${PODS_ROOT}/Target Support Files/Pods-Parstagram-ParstagramUITests/Pods-Parstagram-ParstagramUITests-frameworks-${CONFIGURATION}-input-files.xcfilelist",
			);
			name = "[CP] Embed Pods Frameworks";
			outputFileListPaths = (
				"${PODS_ROOT}/Target Support Files/Pods-Parstagram-ParstagramUITests/Pods-Parstagram-ParstagramUITests-frameworks-${CONFIGURATION}-output-files.xcfilelist",
			);
			runOnlyForDeploymentPostprocessing = 0;
			shellPath = /bin/sh;
			shellScript = "\"${PODS_ROOT}/Target Support Files/Pods-Parstagram-ParstagramUITests/Pods-Parstagram-ParstagramUITests-frameworks.sh\"\n";
			showEnvVarsInLog = 0;
		};
		DEF9F250A47B0ECC7FAD6F7A /* [CP] Check Pods Manifest.lock */ = {
			isa = PBXShellScriptBuildPhase;
			buildActionMask = 2147483647;
			files = (
			);
			inputFileListPaths = (
			);
			inputPaths = (
				"${PODS_PODFILE_DIR_PATH}/Podfile.lock",
				"${PODS_ROOT}/Manifest.lock",
			);
			name = "[CP] Check Pods Manifest.lock";
			outputFileListPaths = (
			);
			outputPaths = (
				"$(DERIVED_FILE_DIR)/Pods-Parstagram-ParstagramUITests-checkManifestLockResult.txt",
			);
			runOnlyForDeploymentPostprocessing = 0;
			shellPath = /bin/sh;
			shellScript = "diff \"${PODS_PODFILE_DIR_PATH}/Podfile.lock\" \"${PODS_ROOT}/Manifest.lock\" > /dev/null\nif [ $? != 0 ] ; then\n    # print error to STDERR\n    echo \"error: The sandbox is not in sync with the Podfile.lock. Run 'pod install' or update your CocoaPods installation.\" >&2\n    exit 1\nfi\n# This output is used by Xcode 'outputs' to avoid re-running this script phase.\necho \"SUCCESS\" > \"${SCRIPT_OUTPUT_FILE_0}\"\n";
			showEnvVarsInLog = 0;
		};
		FBBF46774672D027969929B3 /* [CP] Check Pods Manifest.lock */ = {
			isa = PBXShellScriptBuildPhase;
			buildActionMask = 2147483647;
			files = (
			);
			inputFileListPaths = (
			);
			inputPaths = (
				"${PODS_PODFILE_DIR_PATH}/Podfile.lock",
				"${PODS_ROOT}/Manifest.lock",
			);
			name = "[CP] Check Pods Manifest.lock";
			outputFileListPaths = (
			);
			outputPaths = (
				"$(DERIVED_FILE_DIR)/Pods-ParstagramTests-checkManifestLockResult.txt",
			);
			runOnlyForDeploymentPostprocessing = 0;
			shellPath = /bin/sh;
			shellScript = "diff \"${PODS_PODFILE_DIR_PATH}/Podfile.lock\" \"${PODS_ROOT}/Manifest.lock\" > /dev/null\nif [ $? != 0 ] ; then\n    # print error to STDERR\n    echo \"error: The sandbox is not in sync with the Podfile.lock. Run 'pod install' or update your CocoaPods installation.\" >&2\n    exit 1\nfi\n# This output is used by Xcode 'outputs' to avoid re-running this script phase.\necho \"SUCCESS\" > \"${SCRIPT_OUTPUT_FILE_0}\"\n";
			showEnvVarsInLog = 0;
		};
/* End PBXShellScriptBuildPhase section */

/* Begin PBXSourcesBuildPhase section */
		F0869BF82526DE3900683621 /* Sources */ = {
			isa = PBXSourcesBuildPhase;
			buildActionMask = 2147483647;
			files = (
				F0869C5B2526E69B00683621 /* LoginViewController.swift in Sources */,
				F0869C652526F09B00683621 /* CameraViewController.swift in Sources */,
				F0869C002526DE3900683621 /* AppDelegate.swift in Sources */,
				F0869C602526E6B000683621 /* FeedViewController.swift in Sources */,
				F0869C022526DE3900683621 /* SceneDelegate.swift in Sources */,
				F0869C752526FF2B00683621 /* PostTableViewCell.swift in Sources */,
				F05F73662531B8BB0028E632 /* CommentCell.swift in Sources */,
			);
			runOnlyForDeploymentPostprocessing = 0;
		};
		F0869C0E2526DE3B00683621 /* Sources */ = {
			isa = PBXSourcesBuildPhase;
			buildActionMask = 2147483647;
			files = (
				F0869C172526DE3B00683621 /* ParstagramTests.swift in Sources */,
			);
			runOnlyForDeploymentPostprocessing = 0;
		};
		F0869C192526DE3B00683621 /* Sources */ = {
			isa = PBXSourcesBuildPhase;
			buildActionMask = 2147483647;
			files = (
				F0869C222526DE3B00683621 /* ParstagramUITests.swift in Sources */,
			);
			runOnlyForDeploymentPostprocessing = 0;
		};
/* End PBXSourcesBuildPhase section */

/* Begin PBXTargetDependency section */
		F0869C142526DE3B00683621 /* PBXTargetDependency */ = {
			isa = PBXTargetDependency;
			target = F0869BFB2526DE3900683621 /* Parstagram */;
			targetProxy = F0869C132526DE3B00683621 /* PBXContainerItemProxy */;
		};
		F0869C1F2526DE3B00683621 /* PBXTargetDependency */ = {
			isa = PBXTargetDependency;
			target = F0869BFB2526DE3900683621 /* Parstagram */;
			targetProxy = F0869C1E2526DE3B00683621 /* PBXContainerItemProxy */;
		};
/* End PBXTargetDependency section */

/* Begin PBXVariantGroup section */
		F0869C052526DE3900683621 /* Main.storyboard */ = {
			isa = PBXVariantGroup;
			children = (
				F0869C062526DE3900683621 /* Base */,
			);
			name = Main.storyboard;
			sourceTree = "<group>";
		};
		F0869C0A2526DE3B00683621 /* LaunchScreen.storyboard */ = {
			isa = PBXVariantGroup;
			children = (
				F0869C0B2526DE3B00683621 /* Base */,
			);
			name = LaunchScreen.storyboard;
			sourceTree = "<group>";
		};
/* End PBXVariantGroup section */

/* Begin XCBuildConfiguration section */
		F0869C242526DE3B00683621 /* Debug */ = {
			isa = XCBuildConfiguration;
			buildSettings = {
				ALWAYS_SEARCH_USER_PATHS = NO;
				CLANG_ANALYZER_NONNULL = YES;
				CLANG_ANALYZER_NUMBER_OBJECT_CONVERSION = YES_AGGRESSIVE;
				CLANG_CXX_LANGUAGE_STANDARD = "gnu++14";
				CLANG_CXX_LIBRARY = "libc++";
				CLANG_ENABLE_MODULES = YES;
				CLANG_ENABLE_OBJC_ARC = YES;
				CLANG_ENABLE_OBJC_WEAK = YES;
				CLANG_WARN_BLOCK_CAPTURE_AUTORELEASING = YES;
				CLANG_WARN_BOOL_CONVERSION = YES;
				CLANG_WARN_COMMA = YES;
				CLANG_WARN_CONSTANT_CONVERSION = YES;
				CLANG_WARN_DEPRECATED_OBJC_IMPLEMENTATIONS = YES;
				CLANG_WARN_DIRECT_OBJC_ISA_USAGE = YES_ERROR;
				CLANG_WARN_DOCUMENTATION_COMMENTS = YES;
				CLANG_WARN_EMPTY_BODY = YES;
				CLANG_WARN_ENUM_CONVERSION = YES;
				CLANG_WARN_INFINITE_RECURSION = YES;
				CLANG_WARN_INT_CONVERSION = YES;
				CLANG_WARN_NON_LITERAL_NULL_CONVERSION = YES;
				CLANG_WARN_OBJC_IMPLICIT_RETAIN_SELF = YES;
				CLANG_WARN_OBJC_LITERAL_CONVERSION = YES;
				CLANG_WARN_OBJC_ROOT_CLASS = YES_ERROR;
				CLANG_WARN_QUOTED_INCLUDE_IN_FRAMEWORK_HEADER = YES;
				CLANG_WARN_RANGE_LOOP_ANALYSIS = YES;
				CLANG_WARN_STRICT_PROTOTYPES = YES;
				CLANG_WARN_SUSPICIOUS_MOVE = YES;
				CLANG_WARN_UNGUARDED_AVAILABILITY = YES_AGGRESSIVE;
				CLANG_WARN_UNREACHABLE_CODE = YES;
				CLANG_WARN__DUPLICATE_METHOD_MATCH = YES;
				COPY_PHASE_STRIP = NO;
				DEBUG_INFORMATION_FORMAT = dwarf;
				ENABLE_STRICT_OBJC_MSGSEND = YES;
				ENABLE_TESTABILITY = YES;
				GCC_C_LANGUAGE_STANDARD = gnu11;
				GCC_DYNAMIC_NO_PIC = NO;
				GCC_NO_COMMON_BLOCKS = YES;
				GCC_OPTIMIZATION_LEVEL = 0;
				GCC_PREPROCESSOR_DEFINITIONS = (
					"DEBUG=1",
					"$(inherited)",
				);
				GCC_WARN_64_TO_32_BIT_CONVERSION = YES;
				GCC_WARN_ABOUT_RETURN_TYPE = YES_ERROR;
				GCC_WARN_UNDECLARED_SELECTOR = YES;
				GCC_WARN_UNINITIALIZED_AUTOS = YES_AGGRESSIVE;
				GCC_WARN_UNUSED_FUNCTION = YES;
				GCC_WARN_UNUSED_VARIABLE = YES;
				IPHONEOS_DEPLOYMENT_TARGET = 14.0;
				MTL_ENABLE_DEBUG_INFO = INCLUDE_SOURCE;
				MTL_FAST_MATH = YES;
				ONLY_ACTIVE_ARCH = YES;
				SDKROOT = iphoneos;
				SWIFT_ACTIVE_COMPILATION_CONDITIONS = DEBUG;
				SWIFT_OPTIMIZATION_LEVEL = "-Onone";
			};
			name = Debug;
		};
		F0869C252526DE3B00683621 /* Release */ = {
			isa = XCBuildConfiguration;
			buildSettings = {
				ALWAYS_SEARCH_USER_PATHS = NO;
				CLANG_ANALYZER_NONNULL = YES;
				CLANG_ANALYZER_NUMBER_OBJECT_CONVERSION = YES_AGGRESSIVE;
				CLANG_CXX_LANGUAGE_STANDARD = "gnu++14";
				CLANG_CXX_LIBRARY = "libc++";
				CLANG_ENABLE_MODULES = YES;
				CLANG_ENABLE_OBJC_ARC = YES;
				CLANG_ENABLE_OBJC_WEAK = YES;
				CLANG_WARN_BLOCK_CAPTURE_AUTORELEASING = YES;
				CLANG_WARN_BOOL_CONVERSION = YES;
				CLANG_WARN_COMMA = YES;
				CLANG_WARN_CONSTANT_CONVERSION = YES;
				CLANG_WARN_DEPRECATED_OBJC_IMPLEMENTATIONS = YES;
				CLANG_WARN_DIRECT_OBJC_ISA_USAGE = YES_ERROR;
				CLANG_WARN_DOCUMENTATION_COMMENTS = YES;
				CLANG_WARN_EMPTY_BODY = YES;
				CLANG_WARN_ENUM_CONVERSION = YES;
				CLANG_WARN_INFINITE_RECURSION = YES;
				CLANG_WARN_INT_CONVERSION = YES;
				CLANG_WARN_NON_LITERAL_NULL_CONVERSION = YES;
				CLANG_WARN_OBJC_IMPLICIT_RETAIN_SELF = YES;
				CLANG_WARN_OBJC_LITERAL_CONVERSION = YES;
				CLANG_WARN_OBJC_ROOT_CLASS = YES_ERROR;
				CLANG_WARN_QUOTED_INCLUDE_IN_FRAMEWORK_HEADER = YES;
				CLANG_WARN_RANGE_LOOP_ANALYSIS = YES;
				CLANG_WARN_STRICT_PROTOTYPES = YES;
				CLANG_WARN_SUSPICIOUS_MOVE = YES;
				CLANG_WARN_UNGUARDED_AVAILABILITY = YES_AGGRESSIVE;
				CLANG_WARN_UNREACHABLE_CODE = YES;
				CLANG_WARN__DUPLICATE_METHOD_MATCH = YES;
				COPY_PHASE_STRIP = NO;
				DEBUG_INFORMATION_FORMAT = "dwarf-with-dsym";
				ENABLE_NS_ASSERTIONS = NO;
				ENABLE_STRICT_OBJC_MSGSEND = YES;
				GCC_C_LANGUAGE_STANDARD = gnu11;
				GCC_NO_COMMON_BLOCKS = YES;
				GCC_WARN_64_TO_32_BIT_CONVERSION = YES;
				GCC_WARN_ABOUT_RETURN_TYPE = YES_ERROR;
				GCC_WARN_UNDECLARED_SELECTOR = YES;
				GCC_WARN_UNINITIALIZED_AUTOS = YES_AGGRESSIVE;
				GCC_WARN_UNUSED_FUNCTION = YES;
				GCC_WARN_UNUSED_VARIABLE = YES;
				IPHONEOS_DEPLOYMENT_TARGET = 14.0;
				MTL_ENABLE_DEBUG_INFO = NO;
				MTL_FAST_MATH = YES;
				SDKROOT = iphoneos;
				SWIFT_COMPILATION_MODE = wholemodule;
				SWIFT_OPTIMIZATION_LEVEL = "-O";
				VALIDATE_PRODUCT = YES;
			};
			name = Release;
		};
		F0869C272526DE3B00683621 /* Debug */ = {
			isa = XCBuildConfiguration;
			baseConfigurationReference = A618BF4281A13E7123C7B702 /* Pods-Parstagram.debug.xcconfig */;
			buildSettings = {
				ASSETCATALOG_COMPILER_APPICON_NAME = AppIcon;
				ASSETCATALOG_COMPILER_GLOBAL_ACCENT_COLOR_NAME = AccentColor;
				CODE_SIGN_STYLE = Automatic;
				INFOPLIST_FILE = Parstagram/Info.plist;
				LD_RUNPATH_SEARCH_PATHS = (
					"$(inherited)",
					"@executable_path/Frameworks",
				);
				PRODUCT_BUNDLE_IDENTIFIER = Codepath.Parstagram;
				PRODUCT_NAME = "$(TARGET_NAME)";
				SWIFT_VERSION = 5.0;
				TARGETED_DEVICE_FAMILY = "1,2";
			};
			name = Debug;
		};
		F0869C282526DE3B00683621 /* Release */ = {
			isa = XCBuildConfiguration;
			baseConfigurationReference = 5D9C98E45134BD9F6808A069 /* Pods-Parstagram.release.xcconfig */;
			buildSettings = {
				ASSETCATALOG_COMPILER_APPICON_NAME = AppIcon;
				ASSETCATALOG_COMPILER_GLOBAL_ACCENT_COLOR_NAME = AccentColor;
				CODE_SIGN_STYLE = Automatic;
				INFOPLIST_FILE = Parstagram/Info.plist;
				LD_RUNPATH_SEARCH_PATHS = (
					"$(inherited)",
					"@executable_path/Frameworks",
				);
				PRODUCT_BUNDLE_IDENTIFIER = Codepath.Parstagram;
				PRODUCT_NAME = "$(TARGET_NAME)";
				SWIFT_VERSION = 5.0;
				TARGETED_DEVICE_FAMILY = "1,2";
			};
			name = Release;
		};
		F0869C2A2526DE3B00683621 /* Debug */ = {
			isa = XCBuildConfiguration;
			baseConfigurationReference = 6E122C7F1D55766F7D11185D /* Pods-ParstagramTests.debug.xcconfig */;
			buildSettings = {
				ALWAYS_EMBED_SWIFT_STANDARD_LIBRARIES = YES;
				BUNDLE_LOADER = "$(TEST_HOST)";
				CODE_SIGN_STYLE = Automatic;
				INFOPLIST_FILE = ParstagramTests/Info.plist;
				IPHONEOS_DEPLOYMENT_TARGET = 14.0;
				LD_RUNPATH_SEARCH_PATHS = (
					"$(inherited)",
					"@executable_path/Frameworks",
					"@loader_path/Frameworks",
				);
				PRODUCT_BUNDLE_IDENTIFIER = Codepath.ParstagramTests;
				PRODUCT_NAME = "$(TARGET_NAME)";
				SWIFT_VERSION = 5.0;
				TARGETED_DEVICE_FAMILY = "1,2";
				TEST_HOST = "$(BUILT_PRODUCTS_DIR)/Parstagram.app/Parstagram";
			};
			name = Debug;
		};
		F0869C2B2526DE3B00683621 /* Release */ = {
			isa = XCBuildConfiguration;
			baseConfigurationReference = 6775F261E0BC4E59436E2B1B /* Pods-ParstagramTests.release.xcconfig */;
			buildSettings = {
				ALWAYS_EMBED_SWIFT_STANDARD_LIBRARIES = YES;
				BUNDLE_LOADER = "$(TEST_HOST)";
				CODE_SIGN_STYLE = Automatic;
				INFOPLIST_FILE = ParstagramTests/Info.plist;
				IPHONEOS_DEPLOYMENT_TARGET = 14.0;
				LD_RUNPATH_SEARCH_PATHS = (
					"$(inherited)",
					"@executable_path/Frameworks",
					"@loader_path/Frameworks",
				);
				PRODUCT_BUNDLE_IDENTIFIER = Codepath.ParstagramTests;
				PRODUCT_NAME = "$(TARGET_NAME)";
				SWIFT_VERSION = 5.0;
				TARGETED_DEVICE_FAMILY = "1,2";
				TEST_HOST = "$(BUILT_PRODUCTS_DIR)/Parstagram.app/Parstagram";
			};
			name = Release;
		};
		F0869C2D2526DE3B00683621 /* Debug */ = {
			isa = XCBuildConfiguration;
			baseConfigurationReference = 61D6AFB89F05FD78D593A32F /* Pods-Parstagram-ParstagramUITests.debug.xcconfig */;
			buildSettings = {
				ALWAYS_EMBED_SWIFT_STANDARD_LIBRARIES = YES;
				CODE_SIGN_STYLE = Automatic;
				INFOPLIST_FILE = ParstagramUITests/Info.plist;
				LD_RUNPATH_SEARCH_PATHS = (
					"$(inherited)",
					"@executable_path/Frameworks",
					"@loader_path/Frameworks",
				);
				PRODUCT_BUNDLE_IDENTIFIER = Codepath.ParstagramUITests;
				PRODUCT_NAME = "$(TARGET_NAME)";
				SWIFT_VERSION = 5.0;
				TARGETED_DEVICE_FAMILY = "1,2";
				TEST_TARGET_NAME = Parstagram;
			};
			name = Debug;
		};
		F0869C2E2526DE3B00683621 /* Release */ = {
			isa = XCBuildConfiguration;
			baseConfigurationReference = 7D1A8B22FBA04CA487372DAA /* Pods-Parstagram-ParstagramUITests.release.xcconfig */;
			buildSettings = {
				ALWAYS_EMBED_SWIFT_STANDARD_LIBRARIES = YES;
				CODE_SIGN_STYLE = Automatic;
				INFOPLIST_FILE = ParstagramUITests/Info.plist;
				LD_RUNPATH_SEARCH_PATHS = (
					"$(inherited)",
					"@executable_path/Frameworks",
					"@loader_path/Frameworks",
				);
				PRODUCT_BUNDLE_IDENTIFIER = Codepath.ParstagramUITests;
				PRODUCT_NAME = "$(TARGET_NAME)";
				SWIFT_VERSION = 5.0;
				TARGETED_DEVICE_FAMILY = "1,2";
				TEST_TARGET_NAME = Parstagram;
			};
			name = Release;
		};
/* End XCBuildConfiguration section */

/* Begin XCConfigurationList section */
		F0869BF72526DE3900683621 /* Build configuration list for PBXProject "Parstagram" */ = {
			isa = XCConfigurationList;
			buildConfigurations = (
				F0869C242526DE3B00683621 /* Debug */,
				F0869C252526DE3B00683621 /* Release */,
			);
			defaultConfigurationIsVisible = 0;
			defaultConfigurationName = Release;
		};
		F0869C262526DE3B00683621 /* Build configuration list for PBXNativeTarget "Parstagram" */ = {
			isa = XCConfigurationList;
			buildConfigurations = (
				F0869C272526DE3B00683621 /* Debug */,
				F0869C282526DE3B00683621 /* Release */,
			);
			defaultConfigurationIsVisible = 0;
			defaultConfigurationName = Release;
		};
		F0869C292526DE3B00683621 /* Build configuration list for PBXNativeTarget "ParstagramTests" */ = {
			isa = XCConfigurationList;
			buildConfigurations = (
				F0869C2A2526DE3B00683621 /* Debug */,
				F0869C2B2526DE3B00683621 /* Release */,
			);
			defaultConfigurationIsVisible = 0;
			defaultConfigurationName = Release;
		};
		F0869C2C2526DE3B00683621 /* Build configuration list for PBXNativeTarget "ParstagramUITests" */ = {
			isa = XCConfigurationList;
			buildConfigurations = (
				F0869C2D2526DE3B00683621 /* Debug */,
				F0869C2E2526DE3B00683621 /* Release */,
			);
			defaultConfigurationIsVisible = 0;
			defaultConfigurationName = Release;
		};
/* End XCConfigurationList section */
	};
	rootObject = F0869BF42526DE3900683621 /* Project object */;
}
